// !$*UTF8*$!
{
	archiveVersion = 1;
	classes = {
	};
	objectVersion = 50;
	objects = {

/* Begin PBXBuildFile section */
		99F47CC82AACF12200CE0927 /* AppDelegate.swift in Sources */ = {isa = PBXBuildFile; fileRef = 99F47CC72AACF12200CE0927 /* AppDelegate.swift */; };
		99F47CCA2AACF12200CE0927 /* SceneDelegate.swift in Sources */ = {isa = PBXBuildFile; fileRef = 99F47CC92AACF12200CE0927 /* SceneDelegate.swift */; };
		99F47CCC2AACF12200CE0927 /* ViewController.swift in Sources */ = {isa = PBXBuildFile; fileRef = 99F47CCB2AACF12200CE0927 /* ViewController.swift */; };
		99F47CCF2AACF12200CE0927 /* Main.storyboard in Resources */ = {isa = PBXBuildFile; fileRef = 99F47CCD2AACF12200CE0927 /* Main.storyboard */; };
		99F47CD12AACF12400CE0927 /* Assets.xcassets in Resources */ = {isa = PBXBuildFile; fileRef = 99F47CD02AACF12400CE0927 /* Assets.xcassets */; };
		99F47CD42AACF12400CE0927 /* LaunchScreen.storyboard in Resources */ = {isa = PBXBuildFile; fileRef = 99F47CD22AACF12400CE0927 /* LaunchScreen.storyboard */; };
		99F47CDC2AACF24F00CE0927 /* secondViewController.swift in Sources */ = {isa = PBXBuildFile; fileRef = 99F47CDB2AACF24F00CE0927 /* secondViewController.swift */; };
		99F47CDE2AACF9D300CE0927 /* File.swift in Sources */ = {isa = PBXBuildFile; fileRef = 99F47CDD2AACF9D200CE0927 /* File.swift */; };
/* End PBXBuildFile section */

/* Begin PBXFileReference section */
		99F47CC42AACF12200CE0927 /* dayy9.app */ = {isa = PBXFileReference; explicitFileType = wrapper.application; includeInIndex = 0; path = dayy9.app; sourceTree = BUILT_PRODUCTS_DIR; };
		99F47CC72AACF12200CE0927 /* AppDelegate.swift */ = {isa = PBXFileReference; lastKnownFileType = sourcecode.swift; path = AppDelegate.swift; sourceTree = "<group>"; };
		99F47CC92AACF12200CE0927 /* SceneDelegate.swift */ = {isa = PBXFileReference; lastKnownFileType = sourcecode.swift; path = SceneDelegate.swift; sourceTree = "<group>"; };
		99F47CCB2AACF12200CE0927 /* ViewController.swift */ = {isa = PBXFileReference; lastKnownFileType = sourcecode.swift; path = ViewController.swift; sourceTree = "<group>"; };
		99F47CCE2AACF12200CE0927 /* Base */ = {isa = PBXFileReference; lastKnownFileType = file.storyboard; name = Base; path = Base.lproj/Main.storyboard; sourceTree = "<group>"; };
		99F47CD02AACF12400CE0927 /* Assets.xcassets */ = {isa = PBXFileReference; lastKnownFileType = folder.assetcatalog; path = Assets.xcassets; sourceTree = "<group>"; };
		99F47CD32AACF12400CE0927 /* Base */ = {isa = PBXFileReference; lastKnownFileType = file.storyboard; name = Base; path = Base.lproj/LaunchScreen.storyboard; sourceTree = "<group>"; };
		99F47CD52AACF12400CE0927 /* Info.plist */ = {isa = PBXFileReference; lastKnownFileType = text.plist.xml; path = Info.plist; sourceTree = "<group>"; };
		99F47CDB2AACF24F00CE0927 /* secondViewController.swift */ = {isa = PBXFileReference; lastKnownFileType = sourcecode.swift; path = secondViewController.swift; sourceTree = "<group>"; };
		99F47CDD2AACF9D200CE0927 /* File.swift */ = {isa = PBXFileReference; lastKnownFileType = sourcecode.swift; path = File.swift; sourceTree = "<group>"; };
/* End PBXFileReference section */

/* Begin PBXFrameworksBuildPhase section */
		99F47CC12AACF12200CE0927 /* Frameworks */ = {
			isa = PBXFrameworksBuildPhase;
			buildActionMask = 2147483647;
			files = (
			);
			runOnlyForDeploymentPostprocessing = 0;
		};
/* End PBXFrameworksBuildPhase section */

/* Begin PBXGroup section */
		99F47CBB2AACF12200CE0927 = {
			isa = PBXGroup;
			children = (
				99F47CC62AACF12200CE0927 /* dayy9 */,
				99F47CC52AACF12200CE0927 /* Products */,
			);
			sourceTree = "<group>";
		};
		99F47CC52AACF12200CE0927 /* Products */ = {
			isa = PBXGroup;
			children = (
				99F47CC42AACF12200CE0927 /* dayy9.app */,
			);
			name = Products;
			sourceTree = "<group>";
		};
		99F47CC62AACF12200CE0927 /* dayy9 */ = {
			isa = PBXGroup;
			children = (
				99F47CC72AACF12200CE0927 /* AppDelegate.swift */,
				99F47CC92AACF12200CE0927 /* SceneDelegate.swift */,
				99F47CCB2AACF12200CE0927 /* ViewController.swift */,
				99F47CDB2AACF24F00CE0927 /* secondViewController.swift */,
				99F47CCD2AACF12200CE0927 /* Main.storyboard */,
				99F47CD02AACF12400CE0927 /* Assets.xcassets */,
				99F47CD22AACF12400CE0927 /* LaunchScreen.storyboard */,
				99F47CD52AACF12400CE0927 /* Info.plist */,
				99F47CDD2AACF9D200CE0927 /* File.swift */,
			);
			path = dayy9;
			sourceTree = "<group>";
		};
/* End PBXGroup section */

/* Begin PBXNativeTarget section */
		99F47CC32AACF12200CE0927 /* dayy9 */ = {
			isa = PBXNativeTarget;
			buildConfigurationList = 99F47CD82AACF12400CE0927 /* Build configuration list for PBXNativeTarget "dayy9" */;
			buildPhases = (
				99F47CC02AACF12200CE0927 /* Sources */,
				99F47CC12AACF12200CE0927 /* Frameworks */,
				99F47CC22AACF12200CE0927 /* Resources */,
			);
			buildRules = (
			);
			dependencies = (
			);
			name = dayy9;
			productName = dayy9;
			productReference = 99F47CC42AACF12200CE0927 /* dayy9.app */;
			productType = "com.apple.product-type.application";
		};
/* End PBXNativeTarget section */

/* Begin PBXProject section */
		99F47CBC2AACF12200CE0927 /* Project object */ = {
			isa = PBXProject;
			attributes = {
				LastSwiftUpdateCheck = 1170;
				LastUpgradeCheck = 1240;
				ORGANIZATIONNAME = "rawan ";
				TargetAttributes = {
					99F47CC32AACF12200CE0927 = {
						CreatedOnToolsVersion = 11.7;
					};
				};
			};
			buildConfigurationList = 99F47CBF2AACF12200CE0927 /* Build configuration list for PBXProject "dayy9" */;
			compatibilityVersion = "Xcode 9.3";
			developmentRegion = en;
			hasScannedForEncodings = 0;
			knownRegions = (
				en,
				Base,
			);
			mainGroup = 99F47CBB2AACF12200CE0927;
			productRefGroup = 99F47CC52AACF12200CE0927 /* Products */;
			projectDirPath = "";
			projectRoot = "";
			targets = (
				99F47CC32AACF12200CE0927 /* dayy9 */,
			);
		};
/* End PBXProject section */

/* Begin PBXResourcesBuildPhase section */
		99F47CC22AACF12200CE0927 /* Resources */ = {
			isa = PBXResourcesBuildPhase;
			buildActionMask = 2147483647;
			files = (
				99F47CD42AACF12400CE0927 /* LaunchScreen.storyboard in Resources */,
				99F47CD12AACF12400CE0927 /* Assets.xcassets in Resources */,
				99F47CCF2AACF12200CE0927 /* Main.storyboard in Resources */,
			);
			runOnlyForDeploymentPostprocessing = 0;
		};
/* End PBXResourcesBuildPhase section */

/* Begin PBXSourcesBuildPhase section */
		99F47CC02AACF12200CE0927 /* Sources */ = {
			isa = PBXSourcesBuildPhase;
			buildActionMask = 2147483647;
			files = (
				99F47CDE2AACF9D300CE0927 /* File.swift in Sources */,
				99F47CDC2AACF24F00CE0927 /* secondViewController.swift in Sources */,
				99F47CCC2AACF12200CE0927 /* ViewController.swift in Sources */,
				99F47CC82AACF12200CE0927 /* AppDelegate.swift in Sources */,
				99F47CCA2AACF12200CE0927 /* SceneDelegate.swift in Sources */,
			);
			runOnlyForDeploymentPostprocessing = 0;
		};
/* End PBXSourcesBuildPhase section */

/* Begin PBXVariantGroup section */
		99F47CCD2AACF12200CE0927 /* Main.storyboard */ = {
			isa = PBXVariantGroup;
			children = (
				99F47CCE2AACF12200CE0927 /* Base */,
			);
			name = Main.storyboard;
			sourceTree = "<group>";
		};
		99F47CD22AACF12400CE0927 /* LaunchScreen.storyboard */ = {
			isa = PBXVariantGroup;
			children = (
				99F47CD32AACF12400CE0927 /* Base */,
			);
			name = LaunchScreen.storyboard;
			sourceTree = "<group>";
		};
/* End PBXVariantGroup section */

/* Begin XCBuildConfiguration section */
		99F47CD62AACF12400CE0927 /* Debug */ = {
			isa = XCBuildConfiguration;
			buildSettings = {
				ALWAYS_SEARCH_USER_PATHS = NO;
				CLANG_ANALYZER_NONNULL = YES;
				CLANG_ANALYZER_NUMBER_OBJECT_CONVERSION = YES_AGGRESSIVE;
				CLANG_CXX_LANGUAGE_STANDARD = "gnu++14";
				CLANG_CXX_LIBRARY = "libc++";
				CLANG_ENABLE_MODULES = YES;
				CLANG_ENABLE_OBJC_ARC = YES;
				CLANG_ENABLE_OBJC_WEAK = YES;
				CLANG_WARN_BLOCK_CAPTURE_AUTORELEASING = YES;
				CLANG_WARN_BOOL_CONVERSION = YES;
				CLANG_WARN_COMMA = YES;
				CLANG_WARN_CONSTANT_CONVERSION = YES;
				CLANG_WARN_DEPRECATED_OBJC_IMPLEMENTATIONS = YES;
				CLANG_WARN_DIRECT_OBJC_ISA_USAGE = YES_ERROR;
				CLANG_WARN_DOCUMENTATION_COMMENTS = YES;
				CLANG_WARN_EMPTY_BODY = YES;
				CLANG_WARN_ENUM_CONVERSION = YES;
				CLANG_WARN_INFINITE_RECURSION = YES;
				CLANG_WARN_INT_CONVERSION = YES;
				CLANG_WARN_NON_LITERAL_NULL_CONVERSION = YES;
				CLANG_WARN_OBJC_IMPLICIT_RETAIN_SELF = YES;
				CLANG_WARN_OBJC_LITERAL_CONVERSION = YES;
				CLANG_WARN_OBJC_ROOT_CLASS = YES_ERROR;
				CLANG_WARN_QUOTED_INCLUDE_IN_FRAMEWORK_HEADER = YES;
				CLANG_WARN_RANGE_LOOP_ANALYSIS = YES;
				CLANG_WARN_STRICT_PROTOTYPES = YES;
				CLANG_WARN_SUSPICIOUS_MOVE = YES;
				CLANG_WARN_UNGUARDED_AVAILABILITY = YES_AGGRESSIVE;
				CLANG_WARN_UNREACHABLE_CODE = YES;
				CLANG_WARN__DUPLICATE_METHOD_MATCH = YES;
				COPY_PHASE_STRIP = NO;
				DEBUG_INFORMATION_FORMAT = dwarf;
				ENABLE_STRICT_OBJC_MSGSEND = YES;
				ENABLE_TESTABILITY = YES;
				GCC_C_LANGUAGE_STANDARD = gnu11;
				GCC_DYNAMIC_NO_PIC = NO;
				GCC_NO_COMMON_BLOCKS = YES;
				GCC_OPTIMIZATION_LEVEL = 0;
				GCC_PREPROCESSOR_DEFINITIONS = (
					"DEBUG=1",
					"$(inherited)",
				);
				GCC_WARN_64_TO_32_BIT_CONVERSION = YES;
				GCC_WARN_ABOUT_RETURN_TYPE = YES_ERROR;
				GCC_WARN_UNDECLARED_SELECTOR = YES;
				GCC_WARN_UNINITIALIZED_AUTOS = YES_AGGRESSIVE;
				GCC_WARN_UNUSED_FUNCTION = YES;
				GCC_WARN_UNUSED_VARIABLE = YES;
				IPHONEOS_DEPLOYMENT_TARGET = 13.7;
				MTL_ENABLE_DEBUG_INFO = INCLUDE_SOURCE;
				MTL_FAST_MATH = YES;
				ONLY_ACTIVE_ARCH = YES;
				SDKROOT = iphoneos;
				SWIFT_ACTIVE_COMPILATION_CONDITIONS = DEBUG;
				SWIFT_OPTIMIZATION_LEVEL = "-Onone";
			};
			name = Debug;
		};
		99F47CD72AACF12400CE0927 /* Release */ = {
			isa = XCBuildConfiguration;
			buildSettings = {
				ALWAYS_SEARCH_USER_PATHS = NO;
				CLANG_ANALYZER_NONNULL = YES;
				CLANG_ANALYZER_NUMBER_OBJECT_CONVERSION = YES_AGGRESSIVE;
				CLANG_CXX_LANGUAGE_STANDARD = "gnu++14";
				CLANG_CXX_LIBRARY = "libc++";
				CLANG_ENABLE_MODULES = YES;
				CLANG_ENABLE_OBJC_ARC = YES;
				CLANG_ENABLE_OBJC_WEAK = YES;
				CLANG_WARN_BLOCK_CAPTURE_AUTORELEASING = YES;
				CLANG_WARN_BOOL_CONVERSION = YES;
				CLANG_WARN_COMMA = YES;
				CLANG_WARN_CONSTANT_CONVERSION = YES;
				CLANG_WARN_DEPRECATED_OBJC_IMPLEMENTATIONS = YES;
				CLANG_WARN_DIRECT_OBJC_ISA_USAGE = YES_ERROR;
				CLANG_WARN_DOCUMENTATION_COMMENTS = YES;
				CLANG_WARN_EMPTY_BODY = YES;
				CLANG_WARN_ENUM_CONVERSION = YES;
				CLANG_WARN_INFINITE_RECURSION = YES;
				CLANG_WARN_INT_CONVERSION = YES;
				CLANG_WARN_NON_LITERAL_NULL_CONVERSION = YES;
				CLANG_WARN_OBJC_IMPLICIT_RETAIN_SELF = YES;
				CLANG_WARN_OBJC_LITERAL_CONVERSION = YES;
				CLANG_WARN_OBJC_ROOT_CLASS = YES_ERROR;
				CLANG_WARN_QUOTED_INCLUDE_IN_FRAMEWORK_HEADER = YES;
				CLANG_WARN_RANGE_LOOP_ANALYSIS = YES;
				CLANG_WARN_STRICT_PROTOTYPES = YES;
				CLANG_WARN_SUSPICIOUS_MOVE = YES;
				CLANG_WARN_UNGUARDED_AVAILABILITY = YES_AGGRESSIVE;
				CLANG_WARN_UNREACHABLE_CODE = YES;
				CLANG_WARN__DUPLICATE_METHOD_MATCH = YES;
				COPY_PHASE_STRIP = NO;
				DEBUG_INFORMATION_FORMAT = "dwarf-with-dsym";
				ENABLE_NS_ASSERTIONS = NO;
				ENABLE_STRICT_OBJC_MSGSEND = YES;
				GCC_C_LANGUAGE_STANDARD = gnu11;
				GCC_NO_COMMON_BLOCKS = YES;
				GCC_WARN_64_TO_32_BIT_CONVERSION = YES;
				GCC_WARN_ABOUT_RETURN_TYPE = YES_ERROR;
				GCC_WARN_UNDECLARED_SELECTOR = YES;
				GCC_WARN_UNINITIALIZED_AUTOS = YES_AGGRESSIVE;
				GCC_WARN_UNUSED_FUNCTION = YES;
				GCC_WARN_UNUSED_VARIABLE = YES;
				IPHONEOS_DEPLOYMENT_TARGET = 13.7;
				MTL_ENABLE_DEBUG_INFO = NO;
				MTL_FAST_MATH = YES;
				SDKROOT = iphoneos;
				SWIFT_COMPILATION_MODE = wholemodule;
				SWIFT_OPTIMIZATION_LEVEL = "-O";
				VALIDATE_PRODUCT = YES;
			};
			name = Release;
		};
		99F47CD92AACF12400CE0927 /* Debug */ = {
			isa = XCBuildConfiguration;
			buildSettings = {
				ASSETCATALOG_COMPILER_APPICON_NAME = AppIcon;
				CODE_SIGN_STYLE = Automatic;
				DEVELOPMENT_TEAM = WXT8UC69QL;
				INFOPLIST_FILE = dayy9/Info.plist;
				LD_RUNPATH_SEARCH_PATHS = (
					"$(inherited)",
					"@executable_path/Frameworks",
				);
				PRODUCT_BUNDLE_IDENTIFIER = iTi.dayy9;
				PRODUCT_NAME = "$(TARGET_NAME)";
				SWIFT_VERSION = 5.0;
				TARGETED_DEVICE_FAMILY = "1,2";
			};
			name = Debug;
		};
		99F47CDA2AACF12400CE0927 /* Release */ = {
			isa = XCBuildConfiguration;
			buildSettings = {
				ASSETCATALOG_COMPILER_APPICON_NAME = AppIcon;
				CODE_SIGN_STYLE = Automatic;
				DEVELOPMENT_TEAM = WXT8UC69QL;
				INFOPLIST_FILE = dayy9/Info.plist;
				LD_RUNPATH_SEARCH_PATHS = (
					"$(inherited)",
					"@executable_path/Frameworks",
				);
				PRODUCT_BUNDLE_IDENTIFIER = iTi.dayy9;
				PRODUCT_NAME = "$(TARGET_NAME)";
				SWIFT_VERSION = 5.0;
				TARGETED_DEVICE_FAMILY = "1,2";
			};
			name = Release;
		};
/* End XCBuildConfiguration section */

/* Begin XCConfigurationList section */
		99F47CBF2AACF12200CE0927 /* Build configuration list for PBXProject "dayy9" */ = {
			isa = XCConfigurationList;
			buildConfigurations = (
				99F47CD62AACF12400CE0927 /* Debug */,
				99F47CD72AACF12400CE0927 /* Release */,
			);
			defaultConfigurationIsVisible = 0;
			defaultConfigurationName = Release;
		};
		99F47CD82AACF12400CE0927 /* Build configuration list for PBXNativeTarget "dayy9" */ = {
			isa = XCConfigurationList;
			buildConfigurations = (
				99F47CD92AACF12400CE0927 /* Debug */,
				99F47CDA2AACF12400CE0927 /* Release */,
			);
			defaultConfigurationIsVisible = 0;
			defaultConfigurationName = Release;
		};
/* End XCConfigurationList section */
	};
	rootObject = 99F47CBC2AACF12200CE0927 /* Project object */;
}
